
Microsoft Visual Studio Solution File, Format Version 12.00
# Visual Studio Version 16
VisualStudioVersion = 16.0.31025.194
MinimumVisualStudioVersion = 10.0.40219.1
Project("{2150E333-8FDC-42A3-9474-1A3956D46DE8}") = "Solution Items", "Solution Items", "{35C1F304-1CB9-48C6-95AF-E9EF9431792A}"
	ProjectSection(SolutionItems) = preProject
		.gitignore = .gitignore
		README.md = README.md
	EndProjectSection
EndProject
Project("{9A19103F-16F7-4668-BE54-9A1E7A4F7556}") = "VogCodeChallenge.API", "VogCodeChallenge.API\VogCodeChallenge.API.csproj", "{6E921C0A-7713-4B81-A9EA-E52A704269DB}"
EndProject
Project("{9A19103F-16F7-4668-BE54-9A1E7A4F7556}") = "VogCodeChallenge.Entities", "VogCodeChallenge.Entities\VogCodeChallenge.Entities.csproj", "{F70EEA60-98E9-4EA8-A6F0-93BF8041D14A}"
EndProject
Project("{9A19103F-16F7-4668-BE54-9A1E7A4F7556}") = "VogCodeChallenge.Tests", "VogCodeChallenge.Tests\VogCodeChallenge.Tests.csproj", "{1B77E784-A28E-4D24-ACFE-66AB477795B3}"
EndProject
Project("{9A19103F-16F7-4668-BE54-9A1E7A4F7556}") = "VogCodeChallenge.Services", "VogCodeChallenge.Services\VogCodeChallenge.Services.csproj", "{1F3000EA-2528-4847-9C6E-F720F012BE36}"
EndProject
Project("{E53339B2-1760-4266-BCC7-CA923CBCF16C}") = "docker-compose", "docker-compose.dcproj", "{ACB03CC0-A9C5-4625-B73D-9177C8B60E8B}"
EndProject
Project("{9A19103F-16F7-4668-BE54-9A1E7A4F7556}") = "VogCodeChallenge.Data", "VogCodeChallenge.Data\VogCodeChallenge.Data.csproj", "{E5F63830-6F39-4E3C-881C-DAE230C216C3}"
EndProject
Project("{FAE04EC0-301F-11D3-BF4B-00C04F79EFBC}") = "VogCodeChallenge.ConsoleApp", "VogCodeChallenge.ConsoleApp\VogCodeChallenge.ConsoleApp.csproj", "{4E255AC6-E977-4FDE-8868-332B769A978E}"
EndProject
Global
	GlobalSection(SolutionConfigurationPlatforms) = preSolution
		Debug|Any CPU = Debug|Any CPU
		Release|Any CPU = Release|Any CPU
	EndGlobalSection
	GlobalSection(ProjectConfigurationPlatforms) = postSolution
		{6E921C0A-7713-4B81-A9EA-E52A704269DB}.Debug|Any CPU.ActiveCfg = Debug|Any CPU
		{6E921C0A-7713-4B81-A9EA-E52A704269DB}.Debug|Any CPU.Build.0 = Debug|Any CPU
		{6E921C0A-7713-4B81-A9EA-E52A704269DB}.Release|Any CPU.ActiveCfg = Release|Any CPU
		{6E921C0A-7713-4B81-A9EA-E52A704269DB}.Release|Any CPU.Build.0 = Release|Any CPU
		{F70EEA60-98E9-4EA8-A6F0-93BF8041D14A}.Debug|Any CPU.ActiveCfg = Debug|Any CPU
		{F70EEA60-98E9-4EA8-A6F0-93BF8041D14A}.Debug|Any CPU.Build.0 = Debug|Any CPU
		{F70EEA60-98E9-4EA8-A6F0-93BF8041D14A}.Release|Any CPU.ActiveCfg = Release|Any CPU
		{F70EEA60-98E9-4EA8-A6F0-93BF8041D14A}.Release|Any CPU.Build.0 = Release|Any CPU
		{1B77E784-A28E-4D24-ACFE-66AB477795B3}.Debug|Any CPU.ActiveCfg = Debug|Any CPU
		{1B77E784-A28E-4D24-ACFE-66AB477795B3}.Debug|Any CPU.Build.0 = Debug|Any CPU
		{1B77E784-A28E-4D24-ACFE-66AB477795B3}.Release|Any CPU.ActiveCfg = Release|Any CPU
		{1B77E784-A28E-4D24-ACFE-66AB477795B3}.Release|Any CPU.Build.0 = Release|Any CPU
		{1F3000EA-2528-4847-9C6E-F720F012BE36}.Debug|Any CPU.ActiveCfg = Debug|Any CPU
		{1F3000EA-2528-4847-9C6E-F720F012BE36}.Debug|Any CPU.Build.0 = Debug|Any CPU
		{1F3000EA-2528-4847-9C6E-F720F012BE36}.Release|Any CPU.ActiveCfg = Release|Any CPU
		{1F3000EA-2528-4847-9C6E-F720F012BE36}.Release|Any CPU.Build.0 = Release|Any CPU
		{ACB03CC0-A9C5-4625-B73D-9177C8B60E8B}.Debug|Any CPU.ActiveCfg = Debug|Any CPU
		{ACB03CC0-A9C5-4625-B73D-9177C8B60E8B}.Debug|Any CPU.Build.0 = Debug|Any CPU
		{ACB03CC0-A9C5-4625-B73D-9177C8B60E8B}.Release|Any CPU.ActiveCfg = Release|Any CPU
		{ACB03CC0-A9C5-4625-B73D-9177C8B60E8B}.Release|Any CPU.Build.0 = Release|Any CPU
		{E5F63830-6F39-4E3C-881C-DAE230C216C3}.Debug|Any CPU.ActiveCfg = Debug|Any CPU
		{E5F63830-6F39-4E3C-881C-DAE230C216C3}.Debug|Any CPU.Build.0 = Debug|Any CPU
		{E5F63830-6F39-4E3C-881C-DAE230C216C3}.Release|Any CPU.ActiveCfg = Release|Any CPU
		{E5F63830-6F39-4E3C-881C-DAE230C216C3}.Release|Any CPU.Build.0 = Release|Any CPU
		{4E255AC6-E977-4FDE-8868-332B769A978E}.Debug|Any CPU.ActiveCfg = Debug|Any CPU
		{4E255AC6-E977-4FDE-8868-332B769A978E}.Debug|Any CPU.Build.0 = Debug|Any CPU
		{4E255AC6-E977-4FDE-8868-332B769A978E}.Release|Any CPU.ActiveCfg = Release|Any CPU
		{4E255AC6-E977-4FDE-8868-332B769A978E}.Release|Any CPU.Build.0 = Release|Any CPU
	EndGlobalSection
	GlobalSection(SolutionProperties) = preSolution
		HideSolutionNode = FALSE
	EndGlobalSection
	GlobalSection(ExtensibilityGlobals) = postSolution
		SolutionGuid = {CD4EA603-CE01-4D0A-8AF3-CDFBFAA1F886}
	EndGlobalSection
EndGlobal
